// !$*UTF8*$!
{
	archiveVersion = 1;
	classes = {
	};
	objectVersion = 56;
	objects = {

/* Begin PBXBuildFile section */
		131426C32CE03C53002492BC /* Pokemon.swift in Sources */ = {isa = PBXBuildFile; fileRef = 131426C22CE03C53002492BC /* Pokemon.swift */; };
		131426C52CE03C6B002492BC /* PokemonService.swift in Sources */ = {isa = PBXBuildFile; fileRef = 131426C42CE03C6B002492BC /* PokemonService.swift */; };
		131426C72CE03D9A002492BC /* PokemonListViewModel.swift in Sources */ = {isa = PBXBuildFile; fileRef = 131426C62CE03D9A002492BC /* PokemonListViewModel.swift */; };
		131426C92CE041DF002492BC /* PokemonDetailViewModel.swift in Sources */ = {isa = PBXBuildFile; fileRef = 131426C82CE041DF002492BC /* PokemonDetailViewModel.swift */; };
		131426CB2CE04339002492BC /* PokemonDetailView.swift in Sources */ = {isa = PBXBuildFile; fileRef = 131426CA2CE04339002492BC /* PokemonDetailView.swift */; };
		137789BC2CE0220D00EB6747 /* PokeDexApp.swift in Sources */ = {isa = PBXBuildFile; fileRef = 137789BB2CE0220D00EB6747 /* PokeDexApp.swift */; };
		137789BE2CE0220D00EB6747 /* ContentView.swift in Sources */ = {isa = PBXBuildFile; fileRef = 137789BD2CE0220D00EB6747 /* ContentView.swift */; };
		137789C02CE0220E00EB6747 /* Assets.xcassets in Resources */ = {isa = PBXBuildFile; fileRef = 137789BF2CE0220E00EB6747 /* Assets.xcassets */; };
		137789C32CE0220E00EB6747 /* Preview Assets.xcassets in Resources */ = {isa = PBXBuildFile; fileRef = 137789C22CE0220E00EB6747 /* Preview Assets.xcassets */; };
		13C869612CE048FE004BB684 /* PokemonGridItemView.swift in Sources */ = {isa = PBXBuildFile; fileRef = 13C869602CE048FE004BB684 /* PokemonGridItemView.swift */; };
		13C869632CE049C7004BB684 /* SearchBar.swift in Sources */ = {isa = PBXBuildFile; fileRef = 13C869622CE049C7004BB684 /* SearchBar.swift */; };
		13C869652CE04D87004BB684 /* SplashScreenView.swift in Sources */ = {isa = PBXBuildFile; fileRef = 13C869642CE04D87004BB684 /* SplashScreenView.swift */; };
/* End PBXBuildFile section */

/* Begin PBXFileReference section */
		131426C22CE03C53002492BC /* Pokemon.swift */ = {isa = PBXFileReference; lastKnownFileType = sourcecode.swift; path = Pokemon.swift; sourceTree = "<group>"; };
		131426C42CE03C6B002492BC /* PokemonService.swift */ = {isa = PBXFileReference; lastKnownFileType = sourcecode.swift; path = PokemonService.swift; sourceTree = "<group>"; };
		131426C62CE03D9A002492BC /* PokemonListViewModel.swift */ = {isa = PBXFileReference; lastKnownFileType = sourcecode.swift; path = PokemonListViewModel.swift; sourceTree = "<group>"; };
		131426C82CE041DF002492BC /* PokemonDetailViewModel.swift */ = {isa = PBXFileReference; lastKnownFileType = sourcecode.swift; path = PokemonDetailViewModel.swift; sourceTree = "<group>"; };
		131426CA2CE04339002492BC /* PokemonDetailView.swift */ = {isa = PBXFileReference; lastKnownFileType = sourcecode.swift; path = PokemonDetailView.swift; sourceTree = "<group>"; };
		137789B82CE0220D00EB6747 /* PokeDex.app */ = {isa = PBXFileReference; explicitFileType = wrapper.application; includeInIndex = 0; path = PokeDex.app; sourceTree = BUILT_PRODUCTS_DIR; };
		137789BB2CE0220D00EB6747 /* PokeDexApp.swift */ = {isa = PBXFileReference; lastKnownFileType = sourcecode.swift; path = PokeDexApp.swift; sourceTree = "<group>"; };
		137789BD2CE0220D00EB6747 /* ContentView.swift */ = {isa = PBXFileReference; lastKnownFileType = sourcecode.swift; path = ContentView.swift; sourceTree = "<group>"; };
		137789BF2CE0220E00EB6747 /* Assets.xcassets */ = {isa = PBXFileReference; lastKnownFileType = folder.assetcatalog; path = Assets.xcassets; sourceTree = "<group>"; };
		137789C22CE0220E00EB6747 /* Preview Assets.xcassets */ = {isa = PBXFileReference; lastKnownFileType = folder.assetcatalog; path = "Preview Assets.xcassets"; sourceTree = "<group>"; };
		13C869602CE048FE004BB684 /* PokemonGridItemView.swift */ = {isa = PBXFileReference; lastKnownFileType = sourcecode.swift; path = PokemonGridItemView.swift; sourceTree = "<group>"; };
		13C869622CE049C7004BB684 /* SearchBar.swift */ = {isa = PBXFileReference; lastKnownFileType = sourcecode.swift; path = SearchBar.swift; sourceTree = "<group>"; };
		13C869642CE04D87004BB684 /* SplashScreenView.swift */ = {isa = PBXFileReference; lastKnownFileType = sourcecode.swift; path = SplashScreenView.swift; sourceTree = "<group>"; };
/* End PBXFileReference section */

/* Begin PBXFrameworksBuildPhase section */
		137789B52CE0220D00EB6747 /* Frameworks */ = {
			isa = PBXFrameworksBuildPhase;
			buildActionMask = 2147483647;
			files = (
			);
			runOnlyForDeploymentPostprocessing = 0;
		};
/* End PBXFrameworksBuildPhase section */

/* Begin PBXGroup section */
		137789AF2CE0220D00EB6747 = {
			isa = PBXGroup;
			children = (
				137789BA2CE0220D00EB6747 /* PokeDex */,
				137789B92CE0220D00EB6747 /* Products */,
			);
			sourceTree = "<group>";
		};
		137789B92CE0220D00EB6747 /* Products */ = {
			isa = PBXGroup;
			children = (
				137789B82CE0220D00EB6747 /* PokeDex.app */,
			);
			name = Products;
			sourceTree = "<group>";
		};
		137789BA2CE0220D00EB6747 /* PokeDex */ = {
			isa = PBXGroup;
			children = (
				137789CE2CE0223800EB6747 /* App */,
				137789CD2CE0223400EB6747 /* Model */,
				137789CC2CE0222E00EB6747 /* View */,
				137789CB2CE0222500EB6747 /* ViewModel */,
				137789D02CE03B2200EB6747 /* Service */,
				137789C92CE0221200EB6747 /* Resources */,
				137789C12CE0220E00EB6747 /* Preview Content */,
			);
			path = PokeDex;
			sourceTree = "<group>";
		};
		137789C12CE0220E00EB6747 /* Preview Content */ = {
			isa = PBXGroup;
			children = (
				137789C22CE0220E00EB6747 /* Preview Assets.xcassets */,
			);
			path = "Preview Content";
			sourceTree = "<group>";
		};
		137789C92CE0221200EB6747 /* Resources */ = {
			isa = PBXGroup;
			children = (
				137789BF2CE0220E00EB6747 /* Assets.xcassets */,
			);
			path = Resources;
			sourceTree = "<group>";
		};
		137789CB2CE0222500EB6747 /* ViewModel */ = {
			isa = PBXGroup;
			children = (
				131426C62CE03D9A002492BC /* PokemonListViewModel.swift */,
				131426C82CE041DF002492BC /* PokemonDetailViewModel.swift */,
			);
			path = ViewModel;
			sourceTree = "<group>";
		};
		137789CC2CE0222E00EB6747 /* View */ = {
			isa = PBXGroup;
			children = (
				137789BD2CE0220D00EB6747 /* ContentView.swift */,
				131426CA2CE04339002492BC /* PokemonDetailView.swift */,
				13C869602CE048FE004BB684 /* PokemonGridItemView.swift */,
				13C869622CE049C7004BB684 /* SearchBar.swift */,
				13C869642CE04D87004BB684 /* SplashScreenView.swift */,
			);
			path = View;
			sourceTree = "<group>";
		};
		137789CD2CE0223400EB6747 /* Model */ = {
			isa = PBXGroup;
			children = (
				131426C22CE03C53002492BC /* Pokemon.swift */,
			);
			path = Model;
			sourceTree = "<group>";
		};
		137789CE2CE0223800EB6747 /* App */ = {
			isa = PBXGroup;
			children = (
				137789BB2CE0220D00EB6747 /* PokeDexApp.swift */,
			);
			path = App;
			sourceTree = "<group>";
		};
		137789D02CE03B2200EB6747 /* Service */ = {
			isa = PBXGroup;
			children = (
				131426C42CE03C6B002492BC /* PokemonService.swift */,
			);
			path = Service;
			sourceTree = "<group>";
		};
/* End PBXGroup section */

/* Begin PBXNativeTarget section */
		137789B72CE0220D00EB6747 /* PokeDex */ = {
			isa = PBXNativeTarget;
			buildConfigurationList = 137789C62CE0220E00EB6747 /* Build configuration list for PBXNativeTarget "PokeDex" */;
			buildPhases = (
				137789B42CE0220D00EB6747 /* Sources */,
				137789B52CE0220D00EB6747 /* Frameworks */,
				137789B62CE0220D00EB6747 /* Resources */,
			);
			buildRules = (
			);
			dependencies = (
			);
			name = PokeDex;
			productName = PokeDex;
			productReference = 137789B82CE0220D00EB6747 /* PokeDex.app */;
			productType = "com.apple.product-type.application";
		};
/* End PBXNativeTarget section */

/* Begin PBXProject section */
		137789B02CE0220D00EB6747 /* Project object */ = {
			isa = PBXProject;
			attributes = {
				BuildIndependentTargetsInParallel = 1;
				LastSwiftUpdateCheck = 1420;
				LastUpgradeCheck = 1420;
				TargetAttributes = {
					137789B72CE0220D00EB6747 = {
						CreatedOnToolsVersion = 14.2;
					};
				};
			};
			buildConfigurationList = 137789B32CE0220D00EB6747 /* Build configuration list for PBXProject "PokeDex" */;
			compatibilityVersion = "Xcode 14.0";
			developmentRegion = en;
			hasScannedForEncodings = 0;
			knownRegions = (
				en,
				Base,
			);
			mainGroup = 137789AF2CE0220D00EB6747;
			productRefGroup = 137789B92CE0220D00EB6747 /* Products */;
			projectDirPath = "";
			projectRoot = "";
			targets = (
				137789B72CE0220D00EB6747 /* PokeDex */,
			);
		};
/* End PBXProject section */

/* Begin PBXResourcesBuildPhase section */
		137789B62CE0220D00EB6747 /* Resources */ = {
			isa = PBXResourcesBuildPhase;
			buildActionMask = 2147483647;
			files = (
				137789C32CE0220E00EB6747 /* Preview Assets.xcassets in Resources */,
				137789C02CE0220E00EB6747 /* Assets.xcassets in Resources */,
			);
			runOnlyForDeploymentPostprocessing = 0;
		};
/* End PBXResourcesBuildPhase section */

/* Begin PBXSourcesBuildPhase section */
		137789B42CE0220D00EB6747 /* Sources */ = {
			isa = PBXSourcesBuildPhase;
			buildActionMask = 2147483647;
			files = (
				137789BE2CE0220D00EB6747 /* ContentView.swift in Sources */,
				131426C52CE03C6B002492BC /* PokemonService.swift in Sources */,
				137789BC2CE0220D00EB6747 /* PokeDexApp.swift in Sources */,
				131426C72CE03D9A002492BC /* PokemonListViewModel.swift in Sources */,
				131426C32CE03C53002492BC /* Pokemon.swift in Sources */,
				13C869632CE049C7004BB684 /* SearchBar.swift in Sources */,
				13C869612CE048FE004BB684 /* PokemonGridItemView.swift in Sources */,
				13C869652CE04D87004BB684 /* SplashScreenView.swift in Sources */,
				131426CB2CE04339002492BC /* PokemonDetailView.swift in Sources */,
				131426C92CE041DF002492BC /* PokemonDetailViewModel.swift in Sources */,
			);
			runOnlyForDeploymentPostprocessing = 0;
		};
/* End PBXSourcesBuildPhase section */

/* Begin XCBuildConfiguration section */
		137789C42CE0220E00EB6747 /* Debug */ = {
			isa = XCBuildConfiguration;
			buildSettings = {
				ALWAYS_SEARCH_USER_PATHS = NO;
				CLANG_ANALYZER_NONNULL = YES;
				CLANG_ANALYZER_NUMBER_OBJECT_CONVERSION = YES_AGGRESSIVE;
				CLANG_CXX_LANGUAGE_STANDARD = "gnu++20";
				CLANG_ENABLE_MODULES = YES;
				CLANG_ENABLE_OBJC_ARC = YES;
				CLANG_ENABLE_OBJC_WEAK = YES;
				CLANG_WARN_BLOCK_CAPTURE_AUTORELEASING = YES;
				CLANG_WARN_BOOL_CONVERSION = YES;
				CLANG_WARN_COMMA = YES;
				CLANG_WARN_CONSTANT_CONVERSION = YES;
				CLANG_WARN_DEPRECATED_OBJC_IMPLEMENTATIONS = YES;
				CLANG_WARN_DIRECT_OBJC_ISA_USAGE = YES_ERROR;
				CLANG_WARN_DOCUMENTATION_COMMENTS = YES;
				CLANG_WARN_EMPTY_BODY = YES;
				CLANG_WARN_ENUM_CONVERSION = YES;
				CLANG_WARN_INFINITE_RECURSION = YES;
				CLANG_WARN_INT_CONVERSION = YES;
				CLANG_WARN_NON_LITERAL_NULL_CONVERSION = YES;
				CLANG_WARN_OBJC_IMPLICIT_RETAIN_SELF = YES;
				CLANG_WARN_OBJC_LITERAL_CONVERSION = YES;
				CLANG_WARN_OBJC_ROOT_CLASS = YES_ERROR;
				CLANG_WARN_QUOTED_INCLUDE_IN_FRAMEWORK_HEADER = YES;
				CLANG_WARN_RANGE_LOOP_ANALYSIS = YES;
				CLANG_WARN_STRICT_PROTOTYPES = YES;
				CLANG_WARN_SUSPICIOUS_MOVE = YES;
				CLANG_WARN_UNGUARDED_AVAILABILITY = YES_AGGRESSIVE;
				CLANG_WARN_UNREACHABLE_CODE = YES;
				CLANG_WARN__DUPLICATE_METHOD_MATCH = YES;
				COPY_PHASE_STRIP = NO;
				DEBUG_INFORMATION_FORMAT = dwarf;
				ENABLE_STRICT_OBJC_MSGSEND = YES;
				ENABLE_TESTABILITY = YES;
				GCC_C_LANGUAGE_STANDARD = gnu11;
				GCC_DYNAMIC_NO_PIC = NO;
				GCC_NO_COMMON_BLOCKS = YES;
				GCC_OPTIMIZATION_LEVEL = 0;
				GCC_PREPROCESSOR_DEFINITIONS = (
					"DEBUG=1",
					"$(inherited)",
				);
				GCC_WARN_64_TO_32_BIT_CONVERSION = YES;
				GCC_WARN_ABOUT_RETURN_TYPE = YES_ERROR;
				GCC_WARN_UNDECLARED_SELECTOR = YES;
				GCC_WARN_UNINITIALIZED_AUTOS = YES_AGGRESSIVE;
				GCC_WARN_UNUSED_FUNCTION = YES;
				GCC_WARN_UNUSED_VARIABLE = YES;
				IPHONEOS_DEPLOYMENT_TARGET = 16.2;
				MTL_ENABLE_DEBUG_INFO = INCLUDE_SOURCE;
				MTL_FAST_MATH = YES;
				ONLY_ACTIVE_ARCH = YES;
				SDKROOT = iphoneos;
				SWIFT_ACTIVE_COMPILATION_CONDITIONS = DEBUG;
				SWIFT_OPTIMIZATION_LEVEL = "-Onone";
			};
			name = Debug;
		};
		137789C52CE0220E00EB6747 /* Release */ = {
			isa = XCBuildConfiguration;
			buildSettings = {
				ALWAYS_SEARCH_USER_PATHS = NO;
				CLANG_ANALYZER_NONNULL = YES;
				CLANG_ANALYZER_NUMBER_OBJECT_CONVERSION = YES_AGGRESSIVE;
				CLANG_CXX_LANGUAGE_STANDARD = "gnu++20";
				CLANG_ENABLE_MODULES = YES;
				CLANG_ENABLE_OBJC_ARC = YES;
				CLANG_ENABLE_OBJC_WEAK = YES;
				CLANG_WARN_BLOCK_CAPTURE_AUTORELEASING = YES;
				CLANG_WARN_BOOL_CONVERSION = YES;
				CLANG_WARN_COMMA = YES;
				CLANG_WARN_CONSTANT_CONVERSION = YES;
				CLANG_WARN_DEPRECATED_OBJC_IMPLEMENTATIONS = YES;
				CLANG_WARN_DIRECT_OBJC_ISA_USAGE = YES_ERROR;
				CLANG_WARN_DOCUMENTATION_COMMENTS = YES;
				CLANG_WARN_EMPTY_BODY = YES;
				CLANG_WARN_ENUM_CONVERSION = YES;
				CLANG_WARN_INFINITE_RECURSION = YES;
				CLANG_WARN_INT_CONVERSION = YES;
				CLANG_WARN_NON_LITERAL_NULL_CONVERSION = YES;
				CLANG_WARN_OBJC_IMPLICIT_RETAIN_SELF = YES;
				CLANG_WARN_OBJC_LITERAL_CONVERSION = YES;
				CLANG_WARN_OBJC_ROOT_CLASS = YES_ERROR;
				CLANG_WARN_QUOTED_INCLUDE_IN_FRAMEWORK_HEADER = YES;
				CLANG_WARN_RANGE_LOOP_ANALYSIS = YES;
				CLANG_WARN_STRICT_PROTOTYPES = YES;
				CLANG_WARN_SUSPICIOUS_MOVE = YES;
				CLANG_WARN_UNGUARDED_AVAILABILITY = YES_AGGRESSIVE;
				CLANG_WARN_UNREACHABLE_CODE = YES;
				CLANG_WARN__DUPLICATE_METHOD_MATCH = YES;
				COPY_PHASE_STRIP = NO;
				DEBUG_INFORMATION_FORMAT = "dwarf-with-dsym";
				ENABLE_NS_ASSERTIONS = NO;
				ENABLE_STRICT_OBJC_MSGSEND = YES;
				GCC_C_LANGUAGE_STANDARD = gnu11;
				GCC_NO_COMMON_BLOCKS = YES;
				GCC_WARN_64_TO_32_BIT_CONVERSION = YES;
				GCC_WARN_ABOUT_RETURN_TYPE = YES_ERROR;
				GCC_WARN_UNDECLARED_SELECTOR = YES;
				GCC_WARN_UNINITIALIZED_AUTOS = YES_AGGRESSIVE;
				GCC_WARN_UNUSED_FUNCTION = YES;
				GCC_WARN_UNUSED_VARIABLE = YES;
				IPHONEOS_DEPLOYMENT_TARGET = 16.2;
				MTL_ENABLE_DEBUG_INFO = NO;
				MTL_FAST_MATH = YES;
				SDKROOT = iphoneos;
				SWIFT_COMPILATION_MODE = wholemodule;
				SWIFT_OPTIMIZATION_LEVEL = "-O";
				VALIDATE_PRODUCT = YES;
			};
			name = Release;
		};
		137789C72CE0220E00EB6747 /* Debug */ = {
			isa = XCBuildConfiguration;
			buildSettings = {
				ASSETCATALOG_COMPILER_APPICON_NAME = AppIcon;
				ASSETCATALOG_COMPILER_GLOBAL_ACCENT_COLOR_NAME = AccentColor;
				CODE_SIGN_STYLE = Automatic;
				CURRENT_PROJECT_VERSION = 1;
				DEVELOPMENT_ASSET_PATHS = "\"PokeDex/Preview Content\"";
				DEVELOPMENT_TEAM = T94Y3NV5X8;
				ENABLE_PREVIEWS = YES;
				GENERATE_INFOPLIST_FILE = YES;
				INFOPLIST_KEY_UIApplicationSceneManifest_Generation = YES;
				INFOPLIST_KEY_UIApplicationSupportsIndirectInputEvents = YES;
				INFOPLIST_KEY_UILaunchScreen_Generation = YES;
				INFOPLIST_KEY_UISupportedInterfaceOrientations_iPad = "UIInterfaceOrientationPortrait UIInterfaceOrientationPortraitUpsideDown UIInterfaceOrientationLandscapeLeft UIInterfaceOrientationLandscapeRight";
				INFOPLIST_KEY_UISupportedInterfaceOrientations_iPhone = "UIInterfaceOrientationPortrait UIInterfaceOrientationLandscapeLeft UIInterfaceOrientationLandscapeRight";
				LD_RUNPATH_SEARCH_PATHS = (
					"$(inherited)",
					"@executable_path/Frameworks",
				);
				MARKETING_VERSION = 1.0;
				PRODUCT_BUNDLE_IDENTIFIER = AceEzra.PokeDex;
				PRODUCT_NAME = "$(TARGET_NAME)";
				SWIFT_EMIT_LOC_STRINGS = YES;
				SWIFT_VERSION = 5.0;
				TARGETED_DEVICE_FAMILY = "1,2";
			};
			name = Debug;
		};
		137789C82CE0220E00EB6747 /* Release */ = {
			isa = XCBuildConfiguration;
			buildSettings = {
				ASSETCATALOG_COMPILER_APPICON_NAME = AppIcon;
				ASSETCATALOG_COMPILER_GLOBAL_ACCENT_COLOR_NAME = AccentColor;
				CODE_SIGN_STYLE = Automatic;
				CURRENT_PROJECT_VERSION = 1;
				DEVELOPMENT_ASSET_PATHS = "\"PokeDex/Preview Content\"";
				DEVELOPMENT_TEAM = T94Y3NV5X8;
				ENABLE_PREVIEWS = YES;
				GENERATE_INFOPLIST_FILE = YES;
				INFOPLIST_KEY_UIApplicationSceneManifest_Generation = YES;
				INFOPLIST_KEY_UIApplicationSupportsIndirectInputEvents = YES;
				INFOPLIST_KEY_UILaunchScreen_Generation = YES;
				INFOPLIST_KEY_UISupportedInterfaceOrientations_iPad = "UIInterfaceOrientationPortrait UIInterfaceOrientationPortraitUpsideDown UIInterfaceOrientationLandscapeLeft UIInterfaceOrientationLandscapeRight";
				INFOPLIST_KEY_UISupportedInterfaceOrientations_iPhone = "UIInterfaceOrientationPortrait UIInterfaceOrientationLandscapeLeft UIInterfaceOrientationLandscapeRight";
				LD_RUNPATH_SEARCH_PATHS = (
					"$(inherited)",
					"@executable_path/Frameworks",
				);
				MARKETING_VERSION = 1.0;
				PRODUCT_BUNDLE_IDENTIFIER = AceEzra.PokeDex;
				PRODUCT_NAME = "$(TARGET_NAME)";
				SWIFT_EMIT_LOC_STRINGS = YES;
				SWIFT_VERSION = 5.0;
				TARGETED_DEVICE_FAMILY = "1,2";
			};
			name = Release;
		};
/* End XCBuildConfiguration section */

/* Begin XCConfigurationList section */
		137789B32CE0220D00EB6747 /* Build configuration list for PBXProject "PokeDex" */ = {
			isa = XCConfigurationList;
			buildConfigurations = (
				137789C42CE0220E00EB6747 /* Debug */,
				137789C52CE0220E00EB6747 /* Release */,
			);
			defaultConfigurationIsVisible = 0;
			defaultConfigurationName = Release;
		};
		137789C62CE0220E00EB6747 /* Build configuration list for PBXNativeTarget "PokeDex" */ = {
			isa = XCConfigurationList;
			buildConfigurations = (
				137789C72CE0220E00EB6747 /* Debug */,
				137789C82CE0220E00EB6747 /* Release */,
			);
			defaultConfigurationIsVisible = 0;
			defaultConfigurationName = Release;
		};
/* End XCConfigurationList section */
	};
	rootObject = 137789B02CE0220D00EB6747 /* Project object */;
}
